// !$*UTF8*$!
{
	archiveVersion = 1;
	classes = {
	};
	objectVersion = 51;
	objects = {

/* Begin PBXBuildFile section */
		05EDE73BE5AF15C83359F2E7 /* Pods_MaverickPantry.framework in Frameworks */ = {isa = PBXBuildFile; fileRef = DE81BE6CE415D4ED5A9F1981 /* Pods_MaverickPantry.framework */; };
		7A067DCB22BA98F700FDC2B2 /* AppDelegate.swift in Sources */ = {isa = PBXBuildFile; fileRef = 7A067DCA22BA98F700FDC2B2 /* AppDelegate.swift */; };
		7A067DCD22BA98F700FDC2B2 /* ViewController.swift in Sources */ = {isa = PBXBuildFile; fileRef = 7A067DCC22BA98F700FDC2B2 /* ViewController.swift */; };
		7A067DD022BA98F700FDC2B2 /* Main.storyboard in Resources */ = {isa = PBXBuildFile; fileRef = 7A067DCE22BA98F700FDC2B2 /* Main.storyboard */; };
		7A067DD222BA98FA00FDC2B2 /* Assets.xcassets in Resources */ = {isa = PBXBuildFile; fileRef = 7A067DD122BA98FA00FDC2B2 /* Assets.xcassets */; };
		7A067DD522BA98FA00FDC2B2 /* LaunchScreen.storyboard in Resources */ = {isa = PBXBuildFile; fileRef = 7A067DD322BA98FA00FDC2B2 /* LaunchScreen.storyboard */; };
		7A067DDD22BA992900FDC2B2 /* GoogleService-Info.plist in Resources */ = {isa = PBXBuildFile; fileRef = 7A067DDC22BA992900FDC2B2 /* GoogleService-Info.plist */; };
		7A067DDF22BA9E0400FDC2B2 /* FirebaseManager.swift in Sources */ = {isa = PBXBuildFile; fileRef = 7A067DDE22BA9E0400FDC2B2 /* FirebaseManager.swift */; };
		7A067DE122BA9E2F00FDC2B2 /* Users.swift in Sources */ = {isa = PBXBuildFile; fileRef = 7A067DE022BA9E2F00FDC2B2 /* Users.swift */; };
		D58BE6C422BAB95800324972 /* About.storyboard in Resources */ = {isa = PBXBuildFile; fileRef = D58BE6C322BAB95800324972 /* About.storyboard */; };
		D58BE6C622BAB97A00324972 /* RequestPage.storyboard in Resources */ = {isa = PBXBuildFile; fileRef = D58BE6C522BAB97A00324972 /* RequestPage.storyboard */; };
		D58BE6C822BAB99300324972 /* Volunteers.storyboard in Resources */ = {isa = PBXBuildFile; fileRef = D58BE6C722BAB99300324972 /* Volunteers.storyboard */; };
		D58BE6CA22BAB9A900324972 /* Recipe.storyboard in Resources */ = {isa = PBXBuildFile; fileRef = D58BE6C922BAB9A900324972 /* Recipe.storyboard */; };
		D58BE6CC22BAB9E500324972 /* Login.storyboard in Resources */ = {isa = PBXBuildFile; fileRef = D58BE6CB22BAB9E500324972 /* Login.storyboard */; };
		D58BE6CE22BAB9FC00324972 /* Welcome.storyboard in Resources */ = {isa = PBXBuildFile; fileRef = D58BE6CD22BAB9FC00324972 /* Welcome.storyboard */; };
		E0B3064A22BABCE2007A2E85 /* AboutViewController.swift in Sources */ = {isa = PBXBuildFile; fileRef = E0B3064922BABCE2007A2E85 /* AboutViewController.swift */; };
		E0B3064C22BABD24007A2E85 /* RequestPageViewController.swift in Sources */ = {isa = PBXBuildFile; fileRef = E0B3064B22BABD24007A2E85 /* RequestPageViewController.swift */; };
		E0B3064E22BABD67007A2E85 /* VolunteersViewController.swift in Sources */ = {isa = PBXBuildFile; fileRef = E0B3064D22BABD67007A2E85 /* VolunteersViewController.swift */; };
		E0B3065022BABDAD007A2E85 /* RecipeViewController.swift in Sources */ = {isa = PBXBuildFile; fileRef = E0B3064F22BABDAD007A2E85 /* RecipeViewController.swift */; };
		E0B3065222BABDDD007A2E85 /* LoginViewController.swift in Sources */ = {isa = PBXBuildFile; fileRef = E0B3065122BABDDD007A2E85 /* LoginViewController.swift */; };
		E0B3065422BABE3F007A2E85 /* WelcomeViewController.swift in Sources */ = {isa = PBXBuildFile; fileRef = E0B3065322BABE3F007A2E85 /* WelcomeViewController.swift */; };
/* End PBXBuildFile section */

/* Begin PBXFileReference section */
		1759176685074EB312FB6B83 /* Pods-MaverickPantry.debug.xcconfig */ = {isa = PBXFileReference; includeInIndex = 1; lastKnownFileType = text.xcconfig; name = "Pods-MaverickPantry.debug.xcconfig"; path = "Target Support Files/Pods-MaverickPantry/Pods-MaverickPantry.debug.xcconfig"; sourceTree = "<group>"; };
		7A067DC722BA98F700FDC2B2 /* MaverickPantry.app */ = {isa = PBXFileReference; explicitFileType = wrapper.application; includeInIndex = 0; path = MaverickPantry.app; sourceTree = BUILT_PRODUCTS_DIR; };
		7A067DCA22BA98F700FDC2B2 /* AppDelegate.swift */ = {isa = PBXFileReference; lastKnownFileType = sourcecode.swift; path = AppDelegate.swift; sourceTree = "<group>"; };
		7A067DCC22BA98F700FDC2B2 /* ViewController.swift */ = {isa = PBXFileReference; lastKnownFileType = sourcecode.swift; path = ViewController.swift; sourceTree = "<group>"; };
		7A067DCF22BA98F700FDC2B2 /* Base */ = {isa = PBXFileReference; lastKnownFileType = file.storyboard; name = Base; path = Base.lproj/Main.storyboard; sourceTree = "<group>"; };
		7A067DD122BA98FA00FDC2B2 /* Assets.xcassets */ = {isa = PBXFileReference; lastKnownFileType = folder.assetcatalog; path = Assets.xcassets; sourceTree = "<group>"; };
		7A067DD422BA98FA00FDC2B2 /* Base */ = {isa = PBXFileReference; lastKnownFileType = file.storyboard; name = Base; path = Base.lproj/LaunchScreen.storyboard; sourceTree = "<group>"; };
		7A067DD622BA98FA00FDC2B2 /* Info.plist */ = {isa = PBXFileReference; lastKnownFileType = text.plist.xml; path = Info.plist; sourceTree = "<group>"; };
		7A067DDC22BA992900FDC2B2 /* GoogleService-Info.plist */ = {isa = PBXFileReference; fileEncoding = 4; lastKnownFileType = text.plist.xml; path = "GoogleService-Info.plist"; sourceTree = "<group>"; };
		7A067DDE22BA9E0400FDC2B2 /* FirebaseManager.swift */ = {isa = PBXFileReference; lastKnownFileType = sourcecode.swift; path = FirebaseManager.swift; sourceTree = "<group>"; usesTabs = 1; };
		7A067DE022BA9E2F00FDC2B2 /* Users.swift */ = {isa = PBXFileReference; lastKnownFileType = sourcecode.swift; path = Users.swift; sourceTree = "<group>"; };
		CBD73E0B5AF308E47A83E05A /* Pods-MaverickPantry.release.xcconfig */ = {isa = PBXFileReference; includeInIndex = 1; lastKnownFileType = text.xcconfig; name = "Pods-MaverickPantry.release.xcconfig"; path = "Target Support Files/Pods-MaverickPantry/Pods-MaverickPantry.release.xcconfig"; sourceTree = "<group>"; };
		D58BE6C322BAB95800324972 /* About.storyboard */ = {isa = PBXFileReference; fileEncoding = 4; lastKnownFileType = file.storyboard; path = About.storyboard; sourceTree = "<group>"; };
		D58BE6C522BAB97A00324972 /* RequestPage.storyboard */ = {isa = PBXFileReference; fileEncoding = 4; lastKnownFileType = file.storyboard; path = RequestPage.storyboard; sourceTree = "<group>"; };
		D58BE6C722BAB99300324972 /* Volunteers.storyboard */ = {isa = PBXFileReference; fileEncoding = 4; lastKnownFileType = file.storyboard; path = Volunteers.storyboard; sourceTree = "<group>"; };
		D58BE6C922BAB9A900324972 /* Recipe.storyboard */ = {isa = PBXFileReference; fileEncoding = 4; lastKnownFileType = file.storyboard; path = Recipe.storyboard; sourceTree = "<group>"; };
		D58BE6CB22BAB9E500324972 /* Login.storyboard */ = {isa = PBXFileReference; fileEncoding = 4; lastKnownFileType = file.storyboard; path = Login.storyboard; sourceTree = "<group>"; };
		D58BE6CD22BAB9FC00324972 /* Welcome.storyboard */ = {isa = PBXFileReference; fileEncoding = 4; lastKnownFileType = file.storyboard; path = Welcome.storyboard; sourceTree = "<group>"; };
		DE81BE6CE415D4ED5A9F1981 /* Pods_MaverickPantry.framework */ = {isa = PBXFileReference; explicitFileType = wrapper.framework; includeInIndex = 0; path = Pods_MaverickPantry.framework; sourceTree = BUILT_PRODUCTS_DIR; };
		E0B3064922BABCE2007A2E85 /* AboutViewController.swift */ = {isa = PBXFileReference; lastKnownFileType = sourcecode.swift; path = AboutViewController.swift; sourceTree = "<group>"; };
		E0B3064B22BABD24007A2E85 /* RequestPageViewController.swift */ = {isa = PBXFileReference; lastKnownFileType = sourcecode.swift; path = RequestPageViewController.swift; sourceTree = "<group>"; };
		E0B3064D22BABD67007A2E85 /* VolunteersViewController.swift */ = {isa = PBXFileReference; lastKnownFileType = sourcecode.swift; path = VolunteersViewController.swift; sourceTree = "<group>"; };
		E0B3064F22BABDAD007A2E85 /* RecipeViewController.swift */ = {isa = PBXFileReference; lastKnownFileType = sourcecode.swift; path = RecipeViewController.swift; sourceTree = "<group>"; };
		E0B3065122BABDDD007A2E85 /* LoginViewController.swift */ = {isa = PBXFileReference; lastKnownFileType = sourcecode.swift; path = LoginViewController.swift; sourceTree = "<group>"; };
		E0B3065322BABE3F007A2E85 /* WelcomeViewController.swift */ = {isa = PBXFileReference; lastKnownFileType = sourcecode.swift; path = WelcomeViewController.swift; sourceTree = "<group>"; };
/* End PBXFileReference section */

/* Begin PBXFrameworksBuildPhase section */
		7A067DC422BA98F700FDC2B2 /* Frameworks */ = {
			isa = PBXFrameworksBuildPhase;
			buildActionMask = 2147483647;
			files = (
				05EDE73BE5AF15C83359F2E7 /* Pods_MaverickPantry.framework in Frameworks */,
			);
			runOnlyForDeploymentPostprocessing = 0;
		};
/* End PBXFrameworksBuildPhase section */

/* Begin PBXGroup section */
		6739C93507744E058FE9CE59 /* Frameworks */ = {
			isa = PBXGroup;
			children = (
				DE81BE6CE415D4ED5A9F1981 /* Pods_MaverickPantry.framework */,
			);
			name = Frameworks;
			sourceTree = "<group>";
		};
		7A067DBE22BA98F700FDC2B2 = {
			isa = PBXGroup;
			children = (
				7A067DC922BA98F700FDC2B2 /* MaverickPantry */,
				7A067DC822BA98F700FDC2B2 /* Products */,
				E537E1392E415AD98186D493 /* Pods */,
				6739C93507744E058FE9CE59 /* Frameworks */,
			);
			sourceTree = "<group>";
		};
		7A067DC822BA98F700FDC2B2 /* Products */ = {
			isa = PBXGroup;
			children = (
				7A067DC722BA98F700FDC2B2 /* MaverickPantry.app */,
			);
			name = Products;
			sourceTree = "<group>";
		};
		7A067DC922BA98F700FDC2B2 /* MaverickPantry */ = {
			isa = PBXGroup;
			children = (
				D58BE6CD22BAB9FC00324972 /* Welcome.storyboard */,
				E0B3065322BABE3F007A2E85 /* WelcomeViewController.swift */,
				D58BE6CB22BAB9E500324972 /* Login.storyboard */,
				E0B3065122BABDDD007A2E85 /* LoginViewController.swift */,
				D58BE6C922BAB9A900324972 /* Recipe.storyboard */,
				E0B3064F22BABDAD007A2E85 /* RecipeViewController.swift */,
				D58BE6C722BAB99300324972 /* Volunteers.storyboard */,
				E0B3064D22BABD67007A2E85 /* VolunteersViewController.swift */,
				D58BE6C522BAB97A00324972 /* RequestPage.storyboard */,
				E0B3064B22BABD24007A2E85 /* RequestPageViewController.swift */,
				D58BE6C322BAB95800324972 /* About.storyboard */,
				E0B3064922BABCE2007A2E85 /* AboutViewController.swift */,
				7A067DCA22BA98F700FDC2B2 /* AppDelegate.swift */,
				7A067DDE22BA9E0400FDC2B2 /* FirebaseManager.swift */,
				7A067DE022BA9E2F00FDC2B2 /* Users.swift */,
				7A067DCC22BA98F700FDC2B2 /* ViewController.swift */,
				7A067DCE22BA98F700FDC2B2 /* Main.storyboard */,
				7A067DD122BA98FA00FDC2B2 /* Assets.xcassets */,
				7A067DD322BA98FA00FDC2B2 /* LaunchScreen.storyboard */,
				7A067DD622BA98FA00FDC2B2 /* Info.plist */,
				7A067DDC22BA992900FDC2B2 /* GoogleService-Info.plist */,
			);
			path = MaverickPantry;
			sourceTree = "<group>";
		};
		E537E1392E415AD98186D493 /* Pods */ = {
			isa = PBXGroup;
			children = (
				1759176685074EB312FB6B83 /* Pods-MaverickPantry.debug.xcconfig */,
				CBD73E0B5AF308E47A83E05A /* Pods-MaverickPantry.release.xcconfig */,
			);
			path = Pods;
			sourceTree = "<group>";
		};
/* End PBXGroup section */

/* Begin PBXNativeTarget section */
		7A067DC622BA98F700FDC2B2 /* MaverickPantry */ = {
			isa = PBXNativeTarget;
			buildConfigurationList = 7A067DD922BA98FA00FDC2B2 /* Build configuration list for PBXNativeTarget "MaverickPantry" */;
			buildPhases = (
				16A8A26228136D5516A383C8 /* [CP] Check Pods Manifest.lock */,
				7A067DC322BA98F700FDC2B2 /* Sources */,
				7A067DC422BA98F700FDC2B2 /* Frameworks */,
				7A067DC522BA98F700FDC2B2 /* Resources */,
				A1979AA0BC13A84C964CA08E /* [CP] Embed Pods Frameworks */,
				EF2671ED8269D96CB9382C21 /* [CP] Copy Pods Resources */,
			);
			buildRules = (
			);
			dependencies = (
			);
			name = MaverickPantry;
			productName = MaverickPantry;
			productReference = 7A067DC722BA98F700FDC2B2 /* MaverickPantry.app */;
			productType = "com.apple.product-type.application";
		};
/* End PBXNativeTarget section */

/* Begin PBXProject section */
		7A067DBF22BA98F700FDC2B2 /* Project object */ = {
			isa = PBXProject;
			attributes = {
				LastSwiftUpdateCheck = 1020;
				LastUpgradeCheck = 1020;
				ORGANIZATIONNAME = "Carly Cameron";
				TargetAttributes = {
					7A067DC622BA98F700FDC2B2 = {
						CreatedOnToolsVersion = 10.2.1;
					};
				};
			};
			buildConfigurationList = 7A067DC222BA98F700FDC2B2 /* Build configuration list for PBXProject "MaverickPantry" */;
			compatibilityVersion = "Xcode 9.3";
			developmentRegion = en;
			hasScannedForEncodings = 0;
			knownRegions = (
				en,
				Base,
			);
			mainGroup = 7A067DBE22BA98F700FDC2B2;
			productRefGroup = 7A067DC822BA98F700FDC2B2 /* Products */;
			projectDirPath = "";
			projectRoot = "";
			targets = (
				7A067DC622BA98F700FDC2B2 /* MaverickPantry */,
			);
		};
/* End PBXProject section */

/* Begin PBXResourcesBuildPhase section */
		7A067DC522BA98F700FDC2B2 /* Resources */ = {
			isa = PBXResourcesBuildPhase;
			buildActionMask = 2147483647;
			files = (
				D58BE6CA22BAB9A900324972 /* Recipe.storyboard in Resources */,
				7A067DD522BA98FA00FDC2B2 /* LaunchScreen.storyboard in Resources */,
				D58BE6C422BAB95800324972 /* About.storyboard in Resources */,
				7A067DD222BA98FA00FDC2B2 /* Assets.xcassets in Resources */,
				7A067DD022BA98F700FDC2B2 /* Main.storyboard in Resources */,
				D58BE6CE22BAB9FC00324972 /* Welcome.storyboard in Resources */,
				7A067DDD22BA992900FDC2B2 /* GoogleService-Info.plist in Resources */,
				D58BE6C622BAB97A00324972 /* RequestPage.storyboard in Resources */,
				D58BE6C822BAB99300324972 /* Volunteers.storyboard in Resources */,
				D58BE6CC22BAB9E500324972 /* Login.storyboard in Resources */,
			);
			runOnlyForDeploymentPostprocessing = 0;
		};
/* End PBXResourcesBuildPhase section */

/* Begin PBXShellScriptBuildPhase section */
		16A8A26228136D5516A383C8 /* [CP] Check Pods Manifest.lock */ = {
			isa = PBXShellScriptBuildPhase;
			buildActionMask = 2147483647;
			files = (
			);
			inputFileListPaths = (
			);
			inputPaths = (
				"${PODS_PODFILE_DIR_PATH}/Podfile.lock",
				"${PODS_ROOT}/Manifest.lock",
			);
			name = "[CP] Check Pods Manifest.lock";
			outputFileListPaths = (
			);
			outputPaths = (
				"$(DERIVED_FILE_DIR)/Pods-MaverickPantry-checkManifestLockResult.txt",
			);
			runOnlyForDeploymentPostprocessing = 0;
			shellPath = /bin/sh;
			shellScript = "diff \"${PODS_PODFILE_DIR_PATH}/Podfile.lock\" \"${PODS_ROOT}/Manifest.lock\" > /dev/null\nif [ $? != 0 ] ; then\n    # print error to STDERR\n    echo \"error: The sandbox is not in sync with the Podfile.lock. Run 'pod install' or update your CocoaPods installation.\" >&2\n    exit 1\nfi\n# This output is used by Xcode 'outputs' to avoid re-running this script phase.\necho \"SUCCESS\" > \"${SCRIPT_OUTPUT_FILE_0}\"\n";
			showEnvVarsInLog = 0;
		};
		A1979AA0BC13A84C964CA08E /* [CP] Embed Pods Frameworks */ = {
			isa = PBXShellScriptBuildPhase;
			buildActionMask = 2147483647;
			files = (
			);
			inputFileListPaths = (
				"${PODS_ROOT}/Target Support Files/Pods-MaverickPantry/Pods-MaverickPantry-frameworks-${CONFIGURATION}-input-files.xcfilelist",
			);
			name = "[CP] Embed Pods Frameworks";
			outputFileListPaths = (
				"${PODS_ROOT}/Target Support Files/Pods-MaverickPantry/Pods-MaverickPantry-frameworks-${CONFIGURATION}-output-files.xcfilelist",
			);
			runOnlyForDeploymentPostprocessing = 0;
			shellPath = /bin/sh;
			shellScript = "\"${PODS_ROOT}/Target Support Files/Pods-MaverickPantry/Pods-MaverickPantry-frameworks.sh\"\n";
			showEnvVarsInLog = 0;
		};
		EF2671ED8269D96CB9382C21 /* [CP] Copy Pods Resources */ = {
			isa = PBXShellScriptBuildPhase;
			buildActionMask = 2147483647;
			files = (
			);
			inputFileListPaths = (
				"${PODS_ROOT}/Target Support Files/Pods-MaverickPantry/Pods-MaverickPantry-resources-${CONFIGURATION}-input-files.xcfilelist",
			);
			name = "[CP] Copy Pods Resources";
			outputFileListPaths = (
				"${PODS_ROOT}/Target Support Files/Pods-MaverickPantry/Pods-MaverickPantry-resources-${CONFIGURATION}-output-files.xcfilelist",
			);
			runOnlyForDeploymentPostprocessing = 0;
			shellPath = /bin/sh;
			shellScript = "\"${PODS_ROOT}/Target Support Files/Pods-MaverickPantry/Pods-MaverickPantry-resources.sh\"\n";
			showEnvVarsInLog = 0;
		};
/* End PBXShellScriptBuildPhase section */

/* Begin PBXSourcesBuildPhase section */
		7A067DC322BA98F700FDC2B2 /* Sources */ = {
			isa = PBXSourcesBuildPhase;
			buildActionMask = 2147483647;
			files = (
				E0B3065222BABDDD007A2E85 /* LoginViewController.swift in Sources */,
				E0B3065422BABE3F007A2E85 /* WelcomeViewController.swift in Sources */,
				7A067DE122BA9E2F00FDC2B2 /* Users.swift in Sources */,
				E0B3064C22BABD24007A2E85 /* RequestPageViewController.swift in Sources */,
				7A067DDF22BA9E0400FDC2B2 /* FirebaseManager.swift in Sources */,
				7A067DCD22BA98F700FDC2B2 /* ViewController.swift in Sources */,
				E0B3065022BABDAD007A2E85 /* RecipeViewController.swift in Sources */,
				E0B3064E22BABD67007A2E85 /* VolunteersViewController.swift in Sources */,
				E0B3064A22BABCE2007A2E85 /* AboutViewController.swift in Sources */,
				7A067DCB22BA98F700FDC2B2 /* AppDelegate.swift in Sources */,
			);
			runOnlyForDeploymentPostprocessing = 0;
		};
/* End PBXSourcesBuildPhase section */

/* Begin PBXVariantGroup section */
		7A067DCE22BA98F700FDC2B2 /* Main.storyboard */ = {
			isa = PBXVariantGroup;
			children = (
				7A067DCF22BA98F700FDC2B2 /* Base */,
			);
			name = Main.storyboard;
			sourceTree = "<group>";
		};
		7A067DD322BA98FA00FDC2B2 /* LaunchScreen.storyboard */ = {
			isa = PBXVariantGroup;
			children = (
				7A067DD422BA98FA00FDC2B2 /* Base */,
			);
			name = LaunchScreen.storyboard;
			sourceTree = "<group>";
		};
/* End PBXVariantGroup section */

/* Begin XCBuildConfiguration section */
		7A067DD722BA98FA00FDC2B2 /* Debug */ = {
			isa = XCBuildConfiguration;
			buildSettings = {
				ALWAYS_SEARCH_USER_PATHS = NO;
				CLANG_ANALYZER_NONNULL = YES;
				CLANG_ANALYZER_NUMBER_OBJECT_CONVERSION = YES_AGGRESSIVE;
				CLANG_CXX_LANGUAGE_STANDARD = "gnu++14";
				CLANG_CXX_LIBRARY = "libc++";
				CLANG_ENABLE_MODULES = YES;
				CLANG_ENABLE_OBJC_ARC = YES;
				CLANG_ENABLE_OBJC_WEAK = YES;
				CLANG_WARN_BLOCK_CAPTURE_AUTORELEASING = YES;
				CLANG_WARN_BOOL_CONVERSION = YES;
				CLANG_WARN_COMMA = YES;
				CLANG_WARN_CONSTANT_CONVERSION = YES;
				CLANG_WARN_DEPRECATED_OBJC_IMPLEMENTATIONS = YES;
				CLANG_WARN_DIRECT_OBJC_ISA_USAGE = YES_ERROR;
				CLANG_WARN_DOCUMENTATION_COMMENTS = YES;
				CLANG_WARN_EMPTY_BODY = YES;
				CLANG_WARN_ENUM_CONVERSION = YES;
				CLANG_WARN_INFINITE_RECURSION = YES;
				CLANG_WARN_INT_CONVERSION = YES;
				CLANG_WARN_NON_LITERAL_NULL_CONVERSION = YES;
				CLANG_WARN_OBJC_IMPLICIT_RETAIN_SELF = YES;
				CLANG_WARN_OBJC_LITERAL_CONVERSION = YES;
				CLANG_WARN_OBJC_ROOT_CLASS = YES_ERROR;
				CLANG_WARN_RANGE_LOOP_ANALYSIS = YES;
				CLANG_WARN_STRICT_PROTOTYPES = YES;
				CLANG_WARN_SUSPICIOUS_MOVE = YES;
				CLANG_WARN_UNGUARDED_AVAILABILITY = YES_AGGRESSIVE;
				CLANG_WARN_UNREACHABLE_CODE = YES;
				CLANG_WARN__DUPLICATE_METHOD_MATCH = YES;
				CODE_SIGN_IDENTITY = "iPhone Developer";
				COPY_PHASE_STRIP = NO;
				DEBUG_INFORMATION_FORMAT = dwarf;
				ENABLE_STRICT_OBJC_MSGSEND = YES;
				ENABLE_TESTABILITY = YES;
				GCC_C_LANGUAGE_STANDARD = gnu11;
				GCC_DYNAMIC_NO_PIC = NO;
				GCC_NO_COMMON_BLOCKS = YES;
				GCC_OPTIMIZATION_LEVEL = 0;
				GCC_PREPROCESSOR_DEFINITIONS = (
					"DEBUG=1",
					"$(inherited)",
				);
				GCC_WARN_64_TO_32_BIT_CONVERSION = YES;
				GCC_WARN_ABOUT_RETURN_TYPE = YES_ERROR;
				GCC_WARN_UNDECLARED_SELECTOR = YES;
				GCC_WARN_UNINITIALIZED_AUTOS = YES_AGGRESSIVE;
				GCC_WARN_UNUSED_FUNCTION = YES;
				GCC_WARN_UNUSED_VARIABLE = YES;
				IPHONEOS_DEPLOYMENT_TARGET = 12.2;
				MTL_ENABLE_DEBUG_INFO = INCLUDE_SOURCE;
				MTL_FAST_MATH = YES;
				ONLY_ACTIVE_ARCH = YES;
				SDKROOT = iphoneos;
				SWIFT_ACTIVE_COMPILATION_CONDITIONS = DEBUG;
				SWIFT_OPTIMIZATION_LEVEL = "-Onone";
			};
			name = Debug;
		};
		7A067DD822BA98FA00FDC2B2 /* Release */ = {
			isa = XCBuildConfiguration;
			buildSettings = {
				ALWAYS_SEARCH_USER_PATHS = NO;
				CLANG_ANALYZER_NONNULL = YES;
				CLANG_ANALYZER_NUMBER_OBJECT_CONVERSION = YES_AGGRESSIVE;
				CLANG_CXX_LANGUAGE_STANDARD = "gnu++14";
				CLANG_CXX_LIBRARY = "libc++";
				CLANG_ENABLE_MODULES = YES;
				CLANG_ENABLE_OBJC_ARC = YES;
				CLANG_ENABLE_OBJC_WEAK = YES;
				CLANG_WARN_BLOCK_CAPTURE_AUTORELEASING = YES;
				CLANG_WARN_BOOL_CONVERSION = YES;
				CLANG_WARN_COMMA = YES;
				CLANG_WARN_CONSTANT_CONVERSION = YES;
				CLANG_WARN_DEPRECATED_OBJC_IMPLEMENTATIONS = YES;
				CLANG_WARN_DIRECT_OBJC_ISA_USAGE = YES_ERROR;
				CLANG_WARN_DOCUMENTATION_COMMENTS = YES;
				CLANG_WARN_EMPTY_BODY = YES;
				CLANG_WARN_ENUM_CONVERSION = YES;
				CLANG_WARN_INFINITE_RECURSION = YES;
				CLANG_WARN_INT_CONVERSION = YES;
				CLANG_WARN_NON_LITERAL_NULL_CONVERSION = YES;
				CLANG_WARN_OBJC_IMPLICIT_RETAIN_SELF = YES;
				CLANG_WARN_OBJC_LITERAL_CONVERSION = YES;
				CLANG_WARN_OBJC_ROOT_CLASS = YES_ERROR;
				CLANG_WARN_RANGE_LOOP_ANALYSIS = YES;
				CLANG_WARN_STRICT_PROTOTYPES = YES;
				CLANG_WARN_SUSPICIOUS_MOVE = YES;
				CLANG_WARN_UNGUARDED_AVAILABILITY = YES_AGGRESSIVE;
				CLANG_WARN_UNREACHABLE_CODE = YES;
				CLANG_WARN__DUPLICATE_METHOD_MATCH = YES;
				CODE_SIGN_IDENTITY = "iPhone Developer";
				COPY_PHASE_STRIP = NO;
				DEBUG_INFORMATION_FORMAT = "dwarf-with-dsym";
				ENABLE_NS_ASSERTIONS = NO;
				ENABLE_STRICT_OBJC_MSGSEND = YES;
				GCC_C_LANGUAGE_STANDARD = gnu11;
				GCC_NO_COMMON_BLOCKS = YES;
				GCC_WARN_64_TO_32_BIT_CONVERSION = YES;
				GCC_WARN_ABOUT_RETURN_TYPE = YES_ERROR;
				GCC_WARN_UNDECLARED_SELECTOR = YES;
				GCC_WARN_UNINITIALIZED_AUTOS = YES_AGGRESSIVE;
				GCC_WARN_UNUSED_FUNCTION = YES;
				GCC_WARN_UNUSED_VARIABLE = YES;
				IPHONEOS_DEPLOYMENT_TARGET = 12.2;
				MTL_ENABLE_DEBUG_INFO = NO;
				MTL_FAST_MATH = YES;
				SDKROOT = iphoneos;
				SWIFT_COMPILATION_MODE = wholemodule;
				SWIFT_OPTIMIZATION_LEVEL = "-O";
				VALIDATE_PRODUCT = YES;
			};
			name = Release;
		};
		7A067DDA22BA98FA00FDC2B2 /* Debug */ = {
			isa = XCBuildConfiguration;
			baseConfigurationReference = 1759176685074EB312FB6B83 /* Pods-MaverickPantry.debug.xcconfig */;
			buildSettings = {
				ASSETCATALOG_COMPILER_APPICON_NAME = AppIcon;
				CODE_SIGN_STYLE = Automatic;
				DEVELOPMENT_TEAM = 78KL6HZ72H;
				INFOPLIST_FILE = MaverickPantry/Info.plist;
				LD_RUNPATH_SEARCH_PATHS = (
					"$(inherited)",
					"@executable_path/Frameworks",
				);
				PRODUCT_BUNDLE_IDENTIFIER = cmc.MaverickPantry;
				PRODUCT_NAME = "$(TARGET_NAME)";
				SWIFT_VERSION = 5.0;
				TARGETED_DEVICE_FAMILY = "1,2";
			};
			name = Debug;
		};
		7A067DDB22BA98FA00FDC2B2 /* Release */ = {
			isa = XCBuildConfiguration;
			baseConfigurationReference = CBD73E0B5AF308E47A83E05A /* Pods-MaverickPantry.release.xcconfig */;
			buildSettings = {
				ASSETCATALOG_COMPILER_APPICON_NAME = AppIcon;
				CODE_SIGN_STYLE = Automatic;
				DEVELOPMENT_TEAM = 78KL6HZ72H;
				INFOPLIST_FILE = MaverickPantry/Info.plist;
				LD_RUNPATH_SEARCH_PATHS = (
					"$(inherited)",
					"@executable_path/Frameworks",
				);
				PRODUCT_BUNDLE_IDENTIFIER = cmc.MaverickPantry;
				PRODUCT_NAME = "$(TARGET_NAME)";
				SWIFT_VERSION = 5.0;
				TARGETED_DEVICE_FAMILY = "1,2";
			};
			name = Release;
		};
/* End XCBuildConfiguration section */

/* Begin XCConfigurationList section */
		7A067DC222BA98F700FDC2B2 /* Build configuration list for PBXProject "MaverickPantry" */ = {
			isa = XCConfigurationList;
			buildConfigurations = (
				7A067DD722BA98FA00FDC2B2 /* Debug */,
				7A067DD822BA98FA00FDC2B2 /* Release */,
			);
			defaultConfigurationIsVisible = 0;
			defaultConfigurationName = Release;
		};
		7A067DD922BA98FA00FDC2B2 /* Build configuration list for PBXNativeTarget "MaverickPantry" */ = {
			isa = XCConfigurationList;
			buildConfigurations = (
				7A067DDA22BA98FA00FDC2B2 /* Debug */,
				7A067DDB22BA98FA00FDC2B2 /* Release */,
			);
			defaultConfigurationIsVisible = 0;
			defaultConfigurationName = Release;
		};
/* End XCConfigurationList section */
	};
	rootObject = 7A067DBF22BA98F700FDC2B2 /* Project object */;
}
